github.com/davecgh/go-spew v1.1.0/go.mod h1:J7Y8YcW2NihsgmVo/mv3lAwl/skON4iLHjSsI+c5H38=
github.com/davecgh/go-spew v1.1.1 h1:vj9j/u1bqnvCEfJOwUhtlOARqs3+rkHYY13jYWTU97c=
github.com/davecgh/go-spew v1.1.1/go.mod h1:J7Y8YcW2NihsgmVo/mv3lAwl/skON4iLHjSsI+c5H38=
github.com/davecheney/i2c v0.0.0-20140823063045-caf08501bef2 h1:dJlrNN+WwRQae3jpM5U4K/YEug8H70UJ81qFTIW8OWw=
github.com/davecheney/i2c v0.0.0-20140823063045-caf08501bef2/go.mod h1:dLsKZHRI/M1y9t45kzobSt8ozHf+wsCe+ahxsg51Vy0=
github.com/kenshaw/escpos v0.0.0-20201012084129-81d0344e35fa h1:mfo8/sMwl1cwp0o//ZIno6dpCNWQuNiPegON/HLpMUw=
github.com/kenshaw/escpos v0.0.0-20201012084129-81d0344e35fa/go.mod h1:rokzMOeMeC8PUVJ1PXOlfaIM+MiUeZ8+dl86ZS+Veng=
github.com/mattn/go-sqlite3 v1.14.16 h1:yOQRA0RpS5PFz/oikGwBEqvAWhWg5ufRz4ETLjwpU1Y=
github.com/mattn/go-sqlite3 v1.14.16/go.mod h1:2eHXhiwb8IkHr+BDWZGa96P6+rkvnG63S2DGjv9HUNg=
github.com/mitchellh/go-wordwrap v1.0.1 h1:TLuKupo69TCn6TQSyGxwI1EblZZEsQ0vMlAFQflz0v0=
github.com/mitchellh/go-wordwrap v1.0.1/go.mod h1:R62XHJLzvMFRBbcrT7m7WgmE1eOyTSsCt+hzestvNj0=
github.com/pilebones/go-udev v0.9.0 h1:N1uEO/SxUwtIctc0WLU0t69JeBxIYEYnj8lT/Nabl9Q=
github.com/pmezard/go-difflib v1.0.0 h1:4DBwDE0NGyQoBHbLQYPwSUPoCMWR5BEzIk/f1lZbAQM=
github.com/pmezard/go-difflib v1.0.0/go.mod h1:iKH77koFhYxTK1pcRnkKkqfTogsbg7gZNVY4sRDYZ/4=
github.com/rafalop/sevensegment v0.0.0-20220501111324-57abbea36ab7 h1:Lcbz/ksZ/iXHUzn8qxaD1cjijp4414FlIBf0wSYQ3mc=
github.com/rafalop/sevensegment v0.0.0-20220501111324-57abbea36ab7/go.mod h1:XvFkcX+SP/0XnEWalWUracKH1OGlobWbESiShZ6Qhus=
github.com/sirupsen/logrus v1.9.0 h1:trlNQbNUG3OdDrDil03MCb1H2o9nJ1x4/5LYw7byDE0=
github.com/sirupsen/logrus v1.9.0/go.mod h1:naHLuLoDiP4jHNo9R0sCBMtWGeIprob74mVsIT4qYEQ=
github.com/stretchr/objx v0.1.0/go.mod h1:HFkY916IF+rwdDfMAkV7OtwuqBVzrE8GR6GFx+wExME=
github.com/stretchr/testify v1.7.0/go.mod h1:6Fq8oRcR53rry900zMqJjRRixrwX3KX962/h/Wwjteg=
github.com/stretchr/testify v1.8.1 h1:w7B6lhMri9wdJUVmEZPGGhZzrYTPvgJArz7wNPgYKsk=
github.com/tarm/serial v0.0.0-20180830185346-98f6abe2eb07 h1:UyzmZLoiDWMRywV4DUYb9Fbt8uiOSooupjTq10vpvnU=
github.com/tarm/serial v0.0.0-20180830185346-98f6abe2eb07/go.mod h1:kDXzergiv9cbyO7IOYJZWg1U88JhDg3PB6klq9Hg2pA=
github.com/toxygene/gpiod-button v1.0.5 h1:HuL1+nycGbAclUES2qGGSW4luJTL72bUFqWYZVYR71M=
github.com/toxygene/gpiod-button v1.0.5/go.mod h1:kO1AyndHDkQ0OB0JMo3SLoqVfXzpgtcCGlVMatPSiLk=
github.com/toxygene/gpiod-ky-040-rotary-encoder v1.0.4 h1:MEN/mpd1+U+4xmeYh25Gf/Ux5gnLy9QSPG8zjoc2am4=
github.com/toxygene/gpiod-ky-040-rotary-encoder v1.0.4/go.mod h1:WYMTnMxf3RjRsLn9eTUX0bd1hMOPCacBoAWJaRY23yg=
github.com/toxygene/i2c-ht16k33 v1.0.0 h1:UiGo21VUEEv++4CKZI9W/TaemhcHd8I52IYC1m9AWIg=
github.com/toxygene/i2c-ht16k33 v1.0.0/go.mod h1:Uvh9p8P+ocXd3mZVi8GwMp3xZYbYrFuze5vwdHlt+WM=
github.com/warthog618/gpiod v0.8.1 h1:+8iHpHd3fljAd6l4AT8jPbMDQNKdvBIpW/hmLgAcHiM=
github.com/warthog618/gpiod v0.8.1/go.mod h1:A7v1hGR2eTsnkN+e9RoAPYgJG9bLJWtwyIIK+pgqC7s=
golang.org/x/sync v0.1.0 h1:wsuoTGHzEhffawBOhz5CYhcrV4IdKZbEyZjBMuTp12o=
golang.org/x/sync v0.1.0/go.mod h1:RxMgew5VJxzue5/jJTE5uejpjVlOe/izrB70Jof72aM=
golang.org/x/sys v0.0.0-20220715151400-c0bba94af5f8/go.mod h1:oPkhp1MJrh7nUepCBck5+mAzfO9JrbApNNgaTdGDITg=
golang.org/x/sys v0.3.0 h1:w8ZOecv6NaNa/zC8944JTU3vz4u6Lagfk4RPQxv92NQ=
golang.org/x/sys v0.3.0/go.mod h1:oPkhp1MJrh7nUepCBck5+mAzfO9JrbApNNgaTdGDITg=
gopkg.in/check.v1 v0.0.0-20161208181325-20d25e280405/go.mod h1:Co6ibVJAznAaIkqp8huTwlJQCZ016jof/cbN4VW5Yz0=
gopkg.in/yaml.v3 v3.0.0-20200313102051-9f266ea9e77c/go.mod h1:K4uyk7z7BCEPqu6E+C64Yfv1cQ7kz7rIZviUmN+EgEM=
gopkg.in/yaml.v3 v3.0.1 h1:fxVm/GzAzEWqLHuvctI91KS9hhNmmWOoWu0XTYJS7CA=
periph.io/x/periph v3.6.8+incompatible h1:lki0ie6wHtvlilXhIkabdCUQMpb5QN4Fx33yNQdqnaA=
periph.io/x/periph v3.6.8+incompatible/go.mod h1:EWr+FCIU2dBWz5/wSWeiIUJTriYv9v2j2ENBmgYyy7Y=
